{
  "nodes": {
    "darwin": {
      "inputs": {
        "nixpkgs": [
          "nixpkgs"
        ]
      },
      "locked": {
        "lastModified": 1733570843,
        "narHash": "sha256-sQJAxY1TYWD1UyibN/FnN97paTFuwBw3Vp3DNCyKsMk=",
        "owner": "LnL7",
        "repo": "nix-darwin",
        "rev": "a35b08d09efda83625bef267eb24347b446c80b8",
        "type": "github"
      },
      "original": {
        "owner": "LnL7",
        "repo": "nix-darwin",
        "type": "github"
      }
    },
    "emacs-overlay": {
      "inputs": {
        "nixpkgs": "nixpkgs",
        "nixpkgs-stable": "nixpkgs-stable"
      },
      "locked": {
        "lastModified": 1733966495,
        "narHash": "sha256-XVAFR00ChfywHJG3v47AOVaCOM8Xcst0zxI/6qyBrxo=",
        "owner": "nix-community",
        "repo": "emacs-overlay",
        "rev": "07a183880b1f5bc1c18bbf3583fab17b94b2a110",
        "type": "github"
      },
      "original": {
        "owner": "nix-community",
        "repo": "emacs-overlay",
        "type": "github"
      }
    },
    "flake-compat": {
      "flake": false,
      "locked": {
        "lastModified": 1733328505,
        "narHash": "sha256-NeCCThCEP3eCl2l/+27kNNK7QrwZB1IJCrXfrbv5oqU=",
        "owner": "edolstra",
        "repo": "flake-compat",
        "rev": "ff81ac966bb2cae68946d5ed5fc4994f96d0ffec",
        "type": "github"
      },
      "original": {
        "owner": "edolstra",
        "repo": "flake-compat",
        "type": "github"
      }
    },
    "flake-utils": {
      "inputs": {
        "systems": "systems"
      },
      "locked": {
        "lastModified": 1731533236,
        "narHash": "sha256-l0KFg5HjrsfsO/JpG+r7fRrqm12kzFHyUHqHCVpMMbI=",
        "owner": "numtide",
        "repo": "flake-utils",
        "rev": "11707dc2f618dd54ca8739b309ec4fc024de578b",
        "type": "github"
      },
      "original": {
        "owner": "numtide",
        "repo": "flake-utils",
        "type": "github"
      }
    },
    "grub2-themes": {
      "inputs": {
        "nixpkgs": "nixpkgs_2"
      },
      "locked": {
        "lastModified": 1730004881,
        "narHash": "sha256-8xVIqIW25o2uCL0fxAmP4Sj9sdebarQXmd1+64yMe8o=",
        "owner": "vinceliuice",
        "repo": "grub2-themes",
        "rev": "42c232dfb46bf93c17506cbc1a574e5e89b5e09f",
        "type": "github"
      },
      "original": {
        "owner": "vinceliuice",
        "repo": "grub2-themes",
        "type": "github"
      }
    },
    "home-manager": {
      "inputs": {
        "nixpkgs": [
          "nixpkgs"
        ]
      },
      "locked": {
        "lastModified": 1733951607,
        "narHash": "sha256-CN6q6iCzxI1gkNyk4xLdwaMKi10r7n+aJkRzWj8PXwQ=",
        "owner": "nix-community",
        "repo": "home-manager",
        "rev": "6e5b2d9e8014b5572e3367937a329e7053458d34",
        "type": "github"
      },
      "original": {
        "owner": "nix-community",
        "repo": "home-manager",
        "type": "github"
      }
    },
    "nixos-hardware": {
      "locked": {
        "lastModified": 1724067412,
        "narHash": "sha256-LOcS18outrsbYipLZUSHh+4iSvgryaJuOzk/EfJBmTI=",
        "owner": "NixOS",
        "repo": "nixos-hardware",
        "rev": "feefc78fbc4b205485eda0c1d9202c8f9288778a",
        "type": "github"
      },
      "original": {
        "owner": "NixOS",
        "ref": "feefc78",
        "repo": "nixos-hardware",
        "type": "github"
      }
    },
    "nixos-wsl": {
      "inputs": {
        "flake-compat": "flake-compat",
        "flake-utils": "flake-utils",
        "nixpkgs": [
          "nixpkgs"
        ]
      },
      "locked": {
        "lastModified": 1733854371,
        "narHash": "sha256-K9qGHniYBbjqVcEiwXyiofj/IFf78L5F0/FCf+CKyr0=",
        "owner": "nix-community",
        "repo": "NixOS-WSL",
        "rev": "dee4425dcee3149475ead0cb6a616b8a028c5888",
        "type": "github"
      },
      "original": {
        "owner": "nix-community",
        "repo": "NixOS-WSL",
        "type": "github"
      }
    },
    "nixpkgs": {
      "locked": {
        "lastModified": 1733759999,
        "narHash": "sha256-463SNPWmz46iLzJKRzO3Q2b0Aurff3U1n0nYItxq7jU=",
        "owner": "NixOS",
        "repo": "nixpkgs",
        "rev": "a73246e2eef4c6ed172979932bc80e1404ba2d56",
        "type": "github"
      },
      "original": {
        "owner": "NixOS",
        "ref": "nixos-unstable",
        "repo": "nixpkgs",
        "type": "github"
      }
    },
    "nixpkgs-stable": {
      "locked": {
        "lastModified": 1733808091,
        "narHash": "sha256-KWwINTQelKOoQgrXftxoqxmKFZb9pLVfnRvK270nkVk=",
        "owner": "NixOS",
        "repo": "nixpkgs",
        "rev": "a0f3e10d94359665dba45b71b4227b0aeb851f8e",
        "type": "github"
      },
      "original": {
        "owner": "NixOS",
        "ref": "nixos-24.11",
        "repo": "nixpkgs",
        "type": "github"
      }
    },
    "nixpkgs_2": {
      "locked": {
        "lastModified": 1733970464,
        "narHash": "sha256-DSczOUS8lmE15wd+EpvlsLgtbdQHHgORsUVO5eTBIIY=",
        "owner": "NixOS",
        "repo": "nixpkgs",
        "rev": "0b5d092b49a39ee5e9c2b957413fa571c11ca932",
        "type": "github"
      },
      "original": {
        "owner": "NixOS",
        "ref": "master",
        "repo": "nixpkgs",
        "type": "github"
      }
    },
    "nixpkgs_3": {
      "locked": {
        "lastModified": 1733759999,
        "narHash": "sha256-463SNPWmz46iLzJKRzO3Q2b0Aurff3U1n0nYItxq7jU=",
        "owner": "nixos",
        "repo": "nixpkgs",
        "rev": "a73246e2eef4c6ed172979932bc80e1404ba2d56",
        "type": "github"
      },
      "original": {
        "owner": "nixos",
        "ref": "nixos-unstable",
        "repo": "nixpkgs",
        "type": "github"
      }
    },
    "root": {
      "inputs": {
        "darwin": "darwin",
        "emacs-overlay": "emacs-overlay",
        "grub2-themes": "grub2-themes",
        "home-manager": "home-manager",
        "nixos-hardware": "nixos-hardware",
        "nixos-wsl": "nixos-wsl",
        "nixpkgs": "nixpkgs_3"
      }
    },
    "systems": {
      "locked": {
        "lastModified": 1681028828,
        "narHash": "sha256-Vy1rq5AaRuLzOxct8nz4T6wlgyUR7zLU309k9mBC768=",
        "owner": "nix-systems",
        "repo": "default",
        "rev": "da67096a3b9bf56a91d16901293e51ba5b49a27e",
        "type": "github"
      },
      "original": {
        "owner": "nix-systems",
        "repo": "default",
        "type": "github"
      }
    }
  },
  "root": "root",
  "version": 7
}
